golang.org/x/net v0.58.0 h1:ynWG7rqYi4ccpTEuPZ2QGWHktVEM9DMCj9yzDE0Q7To=
golang.org/x/net v0.58.0/go.mod h1:YwCddHnFlT7eLQqVprV19OnhLGtc5xOKgE0RyqgfWAU=
resty.dev/v3 v3.0.0-rc.3 h1:k24LZ03Cb4Ue5e6O/Pfxu5TQRBBYGES6wm2wceia+Io=
resty.dev/v3 v3.0.0-rc.3/go.mod h1:NTOerrC/4T7/FE6tXIZGIysXXBdgNqwMZuKtxpea9NM=
